
Microsoft Visual Studio Solution File, Format Version 12.00
# Visual Studio Version 16
VisualStudioVersion = 16.0.28917.182
MinimumVisualStudioVersion = 10.0.40219.1
Project("{FAE04EC0-301F-11D3-BF4B-00C04F79EFBC}") = "TotallyLegitArcadeController", "TotallyLegitArcadeController\TotallyLegitArcadeController.csproj", "{B4CC80BA-3C9B-4DBF-A060-5D1E1D595B7B}"
EndProject
Project("{FAE04EC0-301F-11D3-BF4B-00C04F79EFBC}") = "DivaHook", "DivaHook\DivaHook.csproj", "{E4E098CB-C875-4D2C-BC78-C36574E24BDB}"
EndProject
Global
	GlobalSection(SolutionConfigurationPlatforms) = preSolution
		Debug|Any CPU = Debug|Any CPU
		Release|Any CPU = Release|Any CPU
	EndGlobalSection
	GlobalSection(ProjectConfigurationPlatforms) = postSolution
		{B4CC80BA-3C9B-4DBF-A060-5D1E1D595B7B}.Debug|Any CPU.ActiveCfg = Debug|x64
		{B4CC80BA-3C9B-4DBF-A060-5D1E1D595B7B}.Debug|Any CPU.Build.0 = Debug|x64
		{B4CC80BA-3C9B-4DBF-A060-5D1E1D595B7B}.Release|Any CPU.ActiveCfg = Release|x64
		{B4CC80BA-3C9B-4DBF-A060-5D1E1D595B7B}.Release|Any CPU.Build.0 = Release|x64
		{E4E098CB-C875-4D2C-BC78-C36574E24BDB}.Debug|Any CPU.ActiveCfg = Debug|Any CPU
		{E4E098CB-C875-4D2C-BC78-C36574E24BDB}.Debug|Any CPU.Build.0 = Debug|Any CPU
		{E4E098CB-C875-4D2C-BC78-C36574E24BDB}.Release|Any CPU.ActiveCfg = Release|Any CPU
		{E4E098CB-C875-4D2C-BC78-C36574E24BDB}.Release|Any CPU.Build.0 = Release|Any CPU
	EndGlobalSection
	GlobalSection(SolutionProperties) = preSolution
		HideSolutionNode = FALSE
	EndGlobalSection
	GlobalSection(ExtensibilityGlobals) = postSolution
		SolutionGuid = {DFC764F5-0162-43E0-83D7-C2511FC19E2B}
	EndGlobalSection
EndGlobal
